
Microsoft Visual Studio Solution File, Format Version 12.00
# Visual Studio Version 17
VisualStudioVersion = 17.10.35004.147
MinimumVisualStudioVersion = 10.0.40219.1
Project("{9A19103F-16F7-4668-BE54-9A1E7A4F7556}") = "lambda-demo", "lambda-demo\lambda-demo.csproj", "{8331373E-D52D-4F78-BBF2-27D49B443C7C}"
EndProject
Global
	GlobalSection(SolutionConfigurationPlatforms) = preSolution
		Debug|Any CPU = Debug|Any CPU
		Release|Any CPU = Release|Any CPU
	EndGlobalSection
	GlobalSection(ProjectConfigurationPlatforms) = postSolution
		{8331373E-D52D-4F78-BBF2-27D49B443C7C}.Debug|Any CPU.ActiveCfg = Debug|Any CPU
		{8331373E-D52D-4F78-BBF2-27D49B443C7C}.Debug|Any CPU.Build.0 = Debug|Any CPU
		{8331373E-D52D-4F78-BBF2-27D49B443C7C}.Release|Any CPU.ActiveCfg = Release|Any CPU
		{8331373E-D52D-4F78-BBF2-27D49B443C7C}.Release|Any CPU.Build.0 = Release|Any CPU
	EndGlobalSection
	GlobalSection(SolutionProperties) = preSolution
		HideSolutionNode = FALSE
	EndGlobalSection
	GlobalSection(ExtensibilityGlobals) = postSolution
		SolutionGuid = {00275178-3700-40DA-8EA7-569C5F956C67}
	EndGlobalSection
EndGlobal
